
Microsoft Visual Studio Solution File, Format Version 12.00
# Visual Studio Version 17
VisualStudioVersion = 17.2.32616.157
MinimumVisualStudioVersion = 10.0.40219.1
Project("{FAE04EC0-301F-11D3-BF4B-00C04F79EFBC}") = "FileSharingApp", "FileSharingApp\FileSharingApp.csproj", "{49A0DCF7-619B-46CA-BC63-0455D9951506}"
EndProject
Global
	GlobalSection(SolutionConfigurationPlatforms) = preSolution
		Debug|Any CPU = Debug|Any CPU
		Release|Any CPU = Release|Any CPU
	EndGlobalSection
	GlobalSection(ProjectConfigurationPlatforms) = postSolution
		{49A0DCF7-619B-46CA-BC63-0455D9951506}.Debug|Any CPU.ActiveCfg = Debug|Any CPU
		{49A0DCF7-619B-46CA-BC63-0455D9951506}.Debug|Any CPU.Build.0 = Debug|Any CPU
		{49A0DCF7-619B-46CA-BC63-0455D9951506}.Release|Any CPU.ActiveCfg = Release|Any CPU
		{49A0DCF7-619B-46CA-BC63-0455D9951506}.Release|Any CPU.Build.0 = Release|Any CPU
	EndGlobalSection
	GlobalSection(SolutionProperties) = preSolution
		HideSolutionNode = FALSE
	EndGlobalSection
	GlobalSection(ExtensibilityGlobals) = postSolution
		SolutionGuid = {34BA70FC-87BE-440A-9CF8-4C692E3B1FA5}
	EndGlobalSection
EndGlobal
